
Microsoft Visual Studio Solution File, Format Version 12.00
# Visual Studio 14
VisualStudioVersion = 14.0.25420.1
MinimumVisualStudioVersion = 10.0.40219.1
Project("{FAE04EC0-301F-11D3-BF4B-00C04F79EFBC}") = "Marvina.Android", "Marvina\Marvina.Android\Marvina.Android.csproj", "{A81C75D7-C2E9-4E79-8831-44DC79326AA2}"
EndProject
Project("{FAE04EC0-301F-11D3-BF4B-00C04F79EFBC}") = "Marvina", "Marvina\Marvina\Marvina.csproj", "{BD5925DC-F0F7-48A9-B692-75D700F75839}"
EndProject
Project("{FAE04EC0-301F-11D3-BF4B-00C04F79EFBC}") = "Marvina.UWP", "Marvina\Marvina.UWP\Marvina.UWP.csproj", "{DBFA5FEB-E3A5-4C56-A2DA-75F2A477D379}"
EndProject
Project("{FAE04EC0-301F-11D3-BF4B-00C04F79EFBC}") = "Marvina.iOS", "Marvina\Marvina.iOS\Marvina.iOS.csproj", "{4BCEFEDB-C9A7-4618-B611-3D8928532730}"
EndProject
Global
	GlobalSection(SolutionConfigurationPlatforms) = preSolution
		Ad-Hoc|Any CPU = Ad-Hoc|Any CPU
		Ad-Hoc|ARM = Ad-Hoc|ARM
		Ad-Hoc|iPhone = Ad-Hoc|iPhone
		Ad-Hoc|iPhoneSimulator = Ad-Hoc|iPhoneSimulator
		Ad-Hoc|x64 = Ad-Hoc|x64
		Ad-Hoc|x86 = Ad-Hoc|x86
		AppStore|Any CPU = AppStore|Any CPU
		AppStore|ARM = AppStore|ARM
		AppStore|iPhone = AppStore|iPhone
		AppStore|iPhoneSimulator = AppStore|iPhoneSimulator
		AppStore|x64 = AppStore|x64
		AppStore|x86 = AppStore|x86
		Debug|Any CPU = Debug|Any CPU
		Debug|ARM = Debug|ARM
		Debug|iPhone = Debug|iPhone
		Debug|iPhoneSimulator = Debug|iPhoneSimulator
		Debug|x64 = Debug|x64
		Debug|x86 = Debug|x86
		Release|Any CPU = Release|Any CPU
		Release|ARM = Release|ARM
		Release|iPhone = Release|iPhone
		Release|iPhoneSimulator = Release|iPhoneSimulator
		Release|x64 = Release|x64
		Release|x86 = Release|x86
	EndGlobalSection
	GlobalSection(ProjectConfigurationPlatforms) = postSolution
		{A81C75D7-C2E9-4E79-8831-44DC79326AA2}.Ad-Hoc|Any CPU.ActiveCfg = Release|Any CPU
		{A81C75D7-C2E9-4E79-8831-44DC79326AA2}.Ad-Hoc|Any CPU.Build.0 = Release|Any CPU
		{A81C75D7-C2E9-4E79-8831-44DC79326AA2}.Ad-Hoc|Any CPU.Deploy.0 = Release|Any CPU
		{A81C75D7-C2E9-4E79-8831-44DC79326AA2}.Ad-Hoc|ARM.ActiveCfg = Release|Any CPU
		{A81C75D7-C2E9-4E79-8831-44DC79326AA2}.Ad-Hoc|ARM.Build.0 = Release|Any CPU
		{A81C75D7-C2E9-4E79-8831-44DC79326AA2}.Ad-Hoc|ARM.Deploy.0 = Release|Any CPU
		{A81C75D7-C2E9-4E79-8831-44DC79326AA2}.Ad-Hoc|iPhone.ActiveCfg = Release|Any CPU
		{A81C75D7-C2E9-4E79-8831-44DC79326AA2}.Ad-Hoc|iPhone.Build.0 = Release|Any CPU
		{A81C75D7-C2E9-4E79-8831-44DC79326AA2}.Ad-Hoc|iPhone.Deploy.0 = Release|Any CPU
		{A81C75D7-C2E9-4E79-8831-44DC79326AA2}.Ad-Hoc|iPhoneSimulator.ActiveCfg = Release|Any CPU
		{A81C75D7-C2E9-4E79-8831-44DC79326AA2}.Ad-Hoc|iPhoneSimulator.Build.0 = Release|Any CPU
		{A81C75D7-C2E9-4E79-8831-44DC79326AA2}.Ad-Hoc|iPhoneSimulator.Deploy.0 = Release|Any CPU
		{A81C75D7-C2E9-4E79-8831-44DC79326AA2}.Ad-Hoc|x64.ActiveCfg = Release|Any CPU
		{A81C75D7-C2E9-4E79-8831-44DC79326AA2}.Ad-Hoc|x64.Build.0 = Release|Any CPU
		{A81C75D7-C2E9-4E79-8831-44DC79326AA2}.Ad-Hoc|x64.Deploy.0 = Release|Any CPU
		{A81C75D7-C2E9-4E79-8831-44DC79326AA2}.Ad-Hoc|x86.ActiveCfg = Release|Any CPU
		{A81C75D7-C2E9-4E79-8831-44DC79326AA2}.Ad-Hoc|x86.Build.0 = Release|Any CPU
		{A81C75D7-C2E9-4E79-8831-44DC79326AA2}.Ad-Hoc|x86.Deploy.0 = Release|Any CPU
		{A81C75D7-C2E9-4E79-8831-44DC79326AA2}.AppStore|Any CPU.ActiveCfg = Release|Any CPU
		{A81C75D7-C2E9-4E79-8831-44DC79326AA2}.AppStore|Any CPU.Build.0 = Release|Any CPU
		{A81C75D7-C2E9-4E79-8831-44DC79326AA2}.AppStore|Any CPU.Deploy.0 = Release|Any CPU
		{A81C75D7-C2E9-4E79-8831-44DC79326AA2}.AppStore|ARM.ActiveCfg = Release|Any CPU
		{A81C75D7-C2E9-4E79-8831-44DC79326AA2}.AppStore|ARM.Build.0 = Release|Any CPU
		{A81C75D7-C2E9-4E79-8831-44DC79326AA2}.AppStore|ARM.Deploy.0 = Release|Any CPU
		{A81C75D7-C2E9-4E79-8831-44DC79326AA2}.AppStore|iPhone.ActiveCfg = Release|Any CPU
		{A81C75D7-C2E9-4E79-8831-44DC79326AA2}.AppStore|iPhone.Build.0 = Release|Any CPU
		{A81C75D7-C2E9-4E79-8831-44DC79326AA2}.AppStore|iPhone.Deploy.0 = Release|Any CPU
		{A81C75D7-C2E9-4E79-8831-44DC79326AA2}.AppStore|iPhoneSimulator.ActiveCfg = Release|Any CPU
		{A81C75D7-C2E9-4E79-8831-44DC79326AA2}.AppStore|iPhoneSimulator.Build.0 = Release|Any CPU
		{A81C75D7-C2E9-4E79-8831-44DC79326AA2}.AppStore|iPhoneSimulator.Deploy.0 = Release|Any CPU
		{A81C75D7-C2E9-4E79-8831-44DC79326AA2}.AppStore|x64.ActiveCfg = Release|Any CPU
		{A81C75D7-C2E9-4E79-8831-44DC79326AA2}.AppStore|x64.Build.0 = Release|Any CPU
		{A81C75D7-C2E9-4E79-8831-44DC79326AA2}.AppStore|x64.Deploy.0 = Release|Any CPU
		{A81C75D7-C2E9-4E79-8831-44DC79326AA2}.AppStore|x86.ActiveCfg = Release|Any CPU
		{A81C75D7-C2E9-4E79-8831-44DC79326AA2}.AppStore|x86.Build.0 = Release|Any CPU
		{A81C75D7-C2E9-4E79-8831-44DC79326AA2}.AppStore|x86.Deploy.0 = Release|Any CPU
		{A81C75D7-C2E9-4E79-8831-44DC79326AA2}.Debug|Any CPU.ActiveCfg = Debug|Any CPU
		{A81C75D7-C2E9-4E79-8831-44DC79326AA2}.Debug|Any CPU.Build.0 = Debug|Any CPU
		{A81C75D7-C2E9-4E79-8831-44DC79326AA2}.Debug|Any CPU.Deploy.0 = Debug|Any CPU
		{A81C75D7-C2E9-4E79-8831-44DC79326AA2}.Debug|ARM.ActiveCfg = Debug|Any CPU
		{A81C75D7-C2E9-4E79-8831-44DC79326AA2}.Debug|ARM.Build.0 = Debug|Any CPU
		{A81C75D7-C2E9-4E79-8831-44DC79326AA2}.Debug|ARM.Deploy.0 = Debug|Any CPU
		{A81C75D7-C2E9-4E79-8831-44DC79326AA2}.Debug|iPhone.ActiveCfg = Debug|Any CPU
		{A81C75D7-C2E9-4E79-8831-44DC79326AA2}.Debug|iPhone.Build.0 = Debug|Any CPU
		{A81C75D7-C2E9-4E79-8831-44DC79326AA2}.Debug|iPhone.Deploy.0 = Debug|Any CPU
		{A81C75D7-C2E9-4E79-8831-44DC79326AA2}.Debug|iPhoneSimulator.ActiveCfg = Debug|Any CPU
		{A81C75D7-C2E9-4E79-8831-44DC79326AA2}.Debug|iPhoneSimulator.Build.0 = Debug|Any CPU
		{A81C75D7-C2E9-4E79-8831-44DC79326AA2}.Debug|iPhoneSimulator.Deploy.0 = Debug|Any CPU
		{A81C75D7-C2E9-4E79-8831-44DC79326AA2}.Debug|x64.ActiveCfg = Debug|Any CPU
		{A81C75D7-C2E9-4E79-8831-44DC79326AA2}.Debug|x64.Build.0 = Debug|Any CPU
		{A81C75D7-C2E9-4E79-8831-44DC79326AA2}.Debug|x64.Deploy.0 = Debug|Any CPU
		{A81C75D7-C2E9-4E79-8831-44DC79326AA2}.Debug|x86.ActiveCfg = Debug|Any CPU
		{A81C75D7-C2E9-4E79-8831-44DC79326AA2}.Debug|x86.Build.0 = Debug|Any CPU
		{A81C75D7-C2E9-4E79-8831-44DC79326AA2}.Debug|x86.Deploy.0 = Debug|Any CPU
		{A81C75D7-C2E9-4E79-8831-44DC79326AA2}.Release|Any CPU.ActiveCfg = Release|Any CPU
		{A81C75D7-C2E9-4E79-8831-44DC79326AA2}.Release|Any CPU.Build.0 = Release|Any CPU
		{A81C75D7-C2E9-4E79-8831-44DC79326AA2}.Release|Any CPU.Deploy.0 = Release|Any CPU
		{A81C75D7-C2E9-4E79-8831-44DC79326AA2}.Release|ARM.ActiveCfg = Release|Any CPU
		{A81C75D7-C2E9-4E79-8831-44DC79326AA2}.Release|ARM.Build.0 = Release|Any CPU
		{A81C75D7-C2E9-4E79-8831-44DC79326AA2}.Release|ARM.Deploy.0 = Release|Any CPU
		{A81C75D7-C2E9-4E79-8831-44DC79326AA2}.Release|iPhone.ActiveCfg = Release|Any CPU
		{A81C75D7-C2E9-4E79-8831-44DC79326AA2}.Release|iPhone.Build.0 = Release|Any CPU
		{A81C75D7-C2E9-4E79-8831-44DC79326AA2}.Release|iPhone.Deploy.0 = Release|Any CPU
		{A81C75D7-C2E9-4E79-8831-44DC79326AA2}.Release|iPhoneSimulator.ActiveCfg = Release|Any CPU
		{A81C75D7-C2E9-4E79-8831-44DC79326AA2}.Release|iPhoneSimulator.Build.0 = Release|Any CPU
		{A81C75D7-C2E9-4E79-8831-44DC79326AA2}.Release|iPhoneSimulator.Deploy.0 = Release|Any CPU
		{A81C75D7-C2E9-4E79-8831-44DC79326AA2}.Release|x64.ActiveCfg = Release|Any CPU
		{A81C75D7-C2E9-4E79-8831-44DC79326AA2}.Release|x64.Build.0 = Release|Any CPU
		{A81C75D7-C2E9-4E79-8831-44DC79326AA2}.Release|x64.Deploy.0 = Release|Any CPU
		{A81C75D7-C2E9-4E79-8831-44DC79326AA2}.Release|x86.ActiveCfg = Release|Any CPU
		{A81C75D7-C2E9-4E79-8831-44DC79326AA2}.Release|x86.Build.0 = Release|Any CPU
		{A81C75D7-C2E9-4E79-8831-44DC79326AA2}.Release|x86.Deploy.0 = Release|Any CPU
		{BD5925DC-F0F7-48A9-B692-75D700F75839}.Ad-Hoc|Any CPU.ActiveCfg = Release|Any CPU
		{BD5925DC-F0F7-48A9-B692-75D700F75839}.Ad-Hoc|Any CPU.Build.0 = Release|Any CPU
		{BD5925DC-F0F7-48A9-B692-75D700F75839}.Ad-Hoc|ARM.ActiveCfg = Release|Any CPU
		{BD5925DC-F0F7-48A9-B692-75D700F75839}.Ad-Hoc|ARM.Build.0 = Release|Any CPU
		{BD5925DC-F0F7-48A9-B692-75D700F75839}.Ad-Hoc|iPhone.ActiveCfg = Release|Any CPU
		{BD5925DC-F0F7-48A9-B692-75D700F75839}.Ad-Hoc|iPhone.Build.0 = Release|Any CPU
		{BD5925DC-F0F7-48A9-B692-75D700F75839}.Ad-Hoc|iPhoneSimulator.ActiveCfg = Release|Any CPU
		{BD5925DC-F0F7-48A9-B692-75D700F75839}.Ad-Hoc|iPhoneSimulator.Build.0 = Release|Any CPU
		{BD5925DC-F0F7-48A9-B692-75D700F75839}.Ad-Hoc|x64.ActiveCfg = Release|Any CPU
		{BD5925DC-F0F7-48A9-B692-75D700F75839}.Ad-Hoc|x64.Build.0 = Release|Any CPU
		{BD5925DC-F0F7-48A9-B692-75D700F75839}.Ad-Hoc|x86.ActiveCfg = Release|Any CPU
		{BD5925DC-F0F7-48A9-B692-75D700F75839}.Ad-Hoc|x86.Build.0 = Release|Any CPU
		{BD5925DC-F0F7-48A9-B692-75D700F75839}.AppStore|Any CPU.ActiveCfg = Release|Any CPU
		{BD5925DC-F0F7-48A9-B692-75D700F75839}.AppStore|Any CPU.Build.0 = Release|Any CPU
		{BD5925DC-F0F7-48A9-B692-75D700F75839}.AppStore|ARM.ActiveCfg = Release|Any CPU
		{BD5925DC-F0F7-48A9-B692-75D700F75839}.AppStore|ARM.Build.0 = Release|Any CPU
		{BD5925DC-F0F7-48A9-B692-75D700F75839}.AppStore|iPhone.ActiveCfg = Release|Any CPU
		{BD5925DC-F0F7-48A9-B692-75D700F75839}.AppStore|iPhone.Build.0 = Release|Any CPU
		{BD5925DC-F0F7-48A9-B692-75D700F75839}.AppStore|iPhoneSimulator.ActiveCfg = Release|Any CPU
		{BD5925DC-F0F7-48A9-B692-75D700F75839}.AppStore|iPhoneSimulator.Build.0 = Release|Any CPU
		{BD5925DC-F0F7-48A9-B692-75D700F75839}.AppStore|x64.ActiveCfg = Release|Any CPU
		{BD5925DC-F0F7-48A9-B692-75D700F75839}.AppStore|x64.Build.0 = Release|Any CPU
		{BD5925DC-F0F7-48A9-B692-75D700F75839}.AppStore|x86.ActiveCfg = Release|Any CPU
		{BD5925DC-F0F7-48A9-B692-75D700F75839}.AppStore|x86.Build.0 = Release|Any CPU
		{BD5925DC-F0F7-48A9-B692-75D700F75839}.Debug|Any CPU.ActiveCfg = Debug|Any CPU
		{BD5925DC-F0F7-48A9-B692-75D700F75839}.Debug|Any CPU.Build.0 = Debug|Any CPU
		{BD5925DC-F0F7-48A9-B692-75D700F75839}.Debug|ARM.ActiveCfg = Debug|Any CPU
		{BD5925DC-F0F7-48A9-B692-75D700F75839}.Debug|ARM.Build.0 = Debug|Any CPU
		{BD5925DC-F0F7-48A9-B692-75D700F75839}.Debug|iPhone.ActiveCfg = Debug|Any CPU
		{BD5925DC-F0F7-48A9-B692-75D700F75839}.Debug|iPhone.Build.0 = Debug|Any CPU
		{BD5925DC-F0F7-48A9-B692-75D700F75839}.Debug|iPhoneSimulator.ActiveCfg = Debug|Any CPU
		{BD5925DC-F0F7-48A9-B692-75D700F75839}.Debug|iPhoneSimulator.Build.0 = Debug|Any CPU
		{BD5925DC-F0F7-48A9-B692-75D700F75839}.Debug|x64.ActiveCfg = Debug|Any CPU
		{BD5925DC-F0F7-48A9-B692-75D700F75839}.Debug|x64.Build.0 = Debug|Any CPU
		{BD5925DC-F0F7-48A9-B692-75D700F75839}.Debug|x86.ActiveCfg = Debug|Any CPU
		{BD5925DC-F0F7-48A9-B692-75D700F75839}.Debug|x86.Build.0 = Debug|Any CPU
		{BD5925DC-F0F7-48A9-B692-75D700F75839}.Release|Any CPU.ActiveCfg = Release|Any CPU
		{BD5925DC-F0F7-48A9-B692-75D700F75839}.Release|Any CPU.Build.0 = Release|Any CPU
		{BD5925DC-F0F7-48A9-B692-75D700F75839}.Release|ARM.ActiveCfg = Release|Any CPU
		{BD5925DC-F0F7-48A9-B692-75D700F75839}.Release|ARM.Build.0 = Release|Any CPU
		{BD5925DC-F0F7-48A9-B692-75D700F75839}.Release|iPhone.ActiveCfg = Release|Any CPU
		{BD5925DC-F0F7-48A9-B692-75D700F75839}.Release|iPhone.Build.0 = Release|Any CPU
		{BD5925DC-F0F7-48A9-B692-75D700F75839}.Release|iPhoneSimulator.ActiveCfg = Release|Any CPU
		{BD5925DC-F0F7-48A9-B692-75D700F75839}.Release|iPhoneSimulator.Build.0 = Release|Any CPU
		{BD5925DC-F0F7-48A9-B692-75D700F75839}.Release|x64.ActiveCfg = Release|Any CPU
		{BD5925DC-F0F7-48A9-B692-75D700F75839}.Release|x64.Build.0 = Release|Any CPU
		{BD5925DC-F0F7-48A9-B692-75D700F75839}.Release|x86.ActiveCfg = Release|Any CPU
		{BD5925DC-F0F7-48A9-B692-75D700F75839}.Release|x86.Build.0 = Release|Any CPU
		{DBFA5FEB-E3A5-4C56-A2DA-75F2A477D379}.Ad-Hoc|Any CPU.ActiveCfg = Release|x86
		{DBFA5FEB-E3A5-4C56-A2DA-75F2A477D379}.Ad-Hoc|Any CPU.Build.0 = Release|x86
		{DBFA5FEB-E3A5-4C56-A2DA-75F2A477D379}.Ad-Hoc|Any CPU.Deploy.0 = Release|x86
		{DBFA5FEB-E3A5-4C56-A2DA-75F2A477D379}.Ad-Hoc|ARM.ActiveCfg = Release|ARM
		{DBFA5FEB-E3A5-4C56-A2DA-75F2A477D379}.Ad-Hoc|ARM.Build.0 = Release|ARM
		{DBFA5FEB-E3A5-4C56-A2DA-75F2A477D379}.Ad-Hoc|ARM.Deploy.0 = Release|ARM
		{DBFA5FEB-E3A5-4C56-A2DA-75F2A477D379}.Ad-Hoc|iPhone.ActiveCfg = Release|x86
		{DBFA5FEB-E3A5-4C56-A2DA-75F2A477D379}.Ad-Hoc|iPhone.Build.0 = Release|x86
		{DBFA5FEB-E3A5-4C56-A2DA-75F2A477D379}.Ad-Hoc|iPhone.Deploy.0 = Release|x86
		{DBFA5FEB-E3A5-4C56-A2DA-75F2A477D379}.Ad-Hoc|iPhoneSimulator.ActiveCfg = Release|x86
		{DBFA5FEB-E3A5-4C56-A2DA-75F2A477D379}.Ad-Hoc|iPhoneSimulator.Build.0 = Release|x86
		{DBFA5FEB-E3A5-4C56-A2DA-75F2A477D379}.Ad-Hoc|iPhoneSimulator.Deploy.0 = Release|x86
		{DBFA5FEB-E3A5-4C56-A2DA-75F2A477D379}.Ad-Hoc|x64.ActiveCfg = Release|x64
		{DBFA5FEB-E3A5-4C56-A2DA-75F2A477D379}.Ad-Hoc|x64.Build.0 = Release|x64
		{DBFA5FEB-E3A5-4C56-A2DA-75F2A477D379}.Ad-Hoc|x64.Deploy.0 = Release|x64
		{DBFA5FEB-E3A5-4C56-A2DA-75F2A477D379}.Ad-Hoc|x86.ActiveCfg = Release|x86
		{DBFA5FEB-E3A5-4C56-A2DA-75F2A477D379}.Ad-Hoc|x86.Build.0 = Release|x86
		{DBFA5FEB-E3A5-4C56-A2DA-75F2A477D379}.Ad-Hoc|x86.Deploy.0 = Release|x86
		{DBFA5FEB-E3A5-4C56-A2DA-75F2A477D379}.AppStore|Any CPU.ActiveCfg = Release|x86
		{DBFA5FEB-E3A5-4C56-A2DA-75F2A477D379}.AppStore|Any CPU.Build.0 = Release|x86
		{DBFA5FEB-E3A5-4C56-A2DA-75F2A477D379}.AppStore|Any CPU.Deploy.0 = Release|x86
		{DBFA5FEB-E3A5-4C56-A2DA-75F2A477D379}.AppStore|ARM.ActiveCfg = Release|ARM
		{DBFA5FEB-E3A5-4C56-A2DA-75F2A477D379}.AppStore|ARM.Build.0 = Release|ARM
		{DBFA5FEB-E3A5-4C56-A2DA-75F2A477D379}.AppStore|ARM.Deploy.0 = Release|ARM
		{DBFA5FEB-E3A5-4C56-A2DA-75F2A477D379}.AppStore|iPhone.ActiveCfg = Release|x86
		{DBFA5FEB-E3A5-4C56-A2DA-75F2A477D379}.AppStore|iPhone.Build.0 = Release|x86
		{DBFA5FEB-E3A5-4C56-A2DA-75F2A477D379}.AppStore|iPhone.Deploy.0 = Release|x86
		{DBFA5FEB-E3A5-4C56-A2DA-75F2A477D379}.AppStore|iPhoneSimulator.ActiveCfg = Release|x86
		{DBFA5FEB-E3A5-4C56-A2DA-75F2A477D379}.AppStore|iPhoneSimulator.Build.0 = Release|x86
		{DBFA5FEB-E3A5-4C56-A2DA-75F2A477D379}.AppStore|iPhoneSimulator.Deploy.0 = Release|x86
		{DBFA5FEB-E3A5-4C56-A2DA-75F2A477D379}.AppStore|x64.ActiveCfg = Release|x64
		{DBFA5FEB-E3A5-4C56-A2DA-75F2A477D379}.AppStore|x64.Build.0 = Release|x64
		{DBFA5FEB-E3A5-4C56-A2DA-75F2A477D379}.AppStore|x64.Deploy.0 = Release|x64
		{DBFA5FEB-E3A5-4C56-A2DA-75F2A477D379}.AppStore|x86.ActiveCfg = Release|x86
		{DBFA5FEB-E3A5-4C56-A2DA-75F2A477D379}.AppStore|x86.Build.0 = Release|x86
		{DBFA5FEB-E3A5-4C56-A2DA-75F2A477D379}.AppStore|x86.Deploy.0 = Release|x86
		{DBFA5FEB-E3A5-4C56-A2DA-75F2A477D379}.Debug|Any CPU.ActiveCfg = Debug|x86
		{DBFA5FEB-E3A5-4C56-A2DA-75F2A477D379}.Debug|ARM.ActiveCfg = Debug|ARM
		{DBFA5FEB-E3A5-4C56-A2DA-75F2A477D379}.Debug|ARM.Build.0 = Debug|ARM
		{DBFA5FEB-E3A5-4C56-A2DA-75F2A477D379}.Debug|ARM.Deploy.0 = Debug|ARM
		{DBFA5FEB-E3A5-4C56-A2DA-75F2A477D379}.Debug|iPhone.ActiveCfg = Debug|x86
		{DBFA5FEB-E3A5-4C56-A2DA-75F2A477D379}.Debug|iPhoneSimulator.ActiveCfg = Debug|x86
		{DBFA5FEB-E3A5-4C56-A2DA-75F2A477D379}.Debug|x64.ActiveCfg = Debug|x64
		{DBFA5FEB-E3A5-4C56-A2DA-75F2A477D379}.Debug|x64.Build.0 = Debug|x64
		{DBFA5FEB-E3A5-4C56-A2DA-75F2A477D379}.Debug|x64.Deploy.0 = Debug|x64
		{DBFA5FEB-E3A5-4C56-A2DA-75F2A477D379}.Debug|x86.ActiveCfg = Debug|x86
		{DBFA5FEB-E3A5-4C56-A2DA-75F2A477D379}.Debug|x86.Build.0 = Debug|x86
		{DBFA5FEB-E3A5-4C56-A2DA-75F2A477D379}.Debug|x86.Deploy.0 = Debug|x86
		{DBFA5FEB-E3A5-4C56-A2DA-75F2A477D379}.Release|Any CPU.ActiveCfg = Release|x86
		{DBFA5FEB-E3A5-4C56-A2DA-75F2A477D379}.Release|ARM.ActiveCfg = Release|ARM
		{DBFA5FEB-E3A5-4C56-A2DA-75F2A477D379}.Release|ARM.Build.0 = Release|ARM
		{DBFA5FEB-E3A5-4C56-A2DA-75F2A477D379}.Release|ARM.Deploy.0 = Release|ARM
		{DBFA5FEB-E3A5-4C56-A2DA-75F2A477D379}.Release|iPhone.ActiveCfg = Release|x86
		{DBFA5FEB-E3A5-4C56-A2DA-75F2A477D379}.Release|iPhoneSimulator.ActiveCfg = Release|x86
		{DBFA5FEB-E3A5-4C56-A2DA-75F2A477D379}.Release|x64.ActiveCfg = Release|x64
		{DBFA5FEB-E3A5-4C56-A2DA-75F2A477D379}.Release|x64.Build.0 = Release|x64
		{DBFA5FEB-E3A5-4C56-A2DA-75F2A477D379}.Release|x64.Deploy.0 = Release|x64
		{DBFA5FEB-E3A5-4C56-A2DA-75F2A477D379}.Release|x86.ActiveCfg = Release|x86
		{DBFA5FEB-E3A5-4C56-A2DA-75F2A477D379}.Release|x86.Build.0 = Release|x86
		{DBFA5FEB-E3A5-4C56-A2DA-75F2A477D379}.Release|x86.Deploy.0 = Release|x86
		{4BCEFEDB-C9A7-4618-B611-3D8928532730}.Ad-Hoc|Any CPU.ActiveCfg = Ad-Hoc|iPhone
		{4BCEFEDB-C9A7-4618-B611-3D8928532730}.Ad-Hoc|ARM.ActiveCfg = Ad-Hoc|iPhone
		{4BCEFEDB-C9A7-4618-B611-3D8928532730}.Ad-Hoc|iPhone.ActiveCfg = Ad-Hoc|iPhone
		{4BCEFEDB-C9A7-4618-B611-3D8928532730}.Ad-Hoc|iPhone.Build.0 = Ad-Hoc|iPhone
		{4BCEFEDB-C9A7-4618-B611-3D8928532730}.Ad-Hoc|iPhoneSimulator.ActiveCfg = Ad-Hoc|iPhoneSimulator
		{4BCEFEDB-C9A7-4618-B611-3D8928532730}.Ad-Hoc|iPhoneSimulator.Build.0 = Ad-Hoc|iPhoneSimulator
		{4BCEFEDB-C9A7-4618-B611-3D8928532730}.Ad-Hoc|x64.ActiveCfg = Ad-Hoc|iPhone
		{4BCEFEDB-C9A7-4618-B611-3D8928532730}.Ad-Hoc|x86.ActiveCfg = Ad-Hoc|iPhone
		{4BCEFEDB-C9A7-4618-B611-3D8928532730}.AppStore|Any CPU.ActiveCfg = AppStore|iPhone
		{4BCEFEDB-C9A7-4618-B611-3D8928532730}.AppStore|ARM.ActiveCfg = AppStore|iPhone
		{4BCEFEDB-C9A7-4618-B611-3D8928532730}.AppStore|iPhone.ActiveCfg = AppStore|iPhone
		{4BCEFEDB-C9A7-4618-B611-3D8928532730}.AppStore|iPhone.Build.0 = AppStore|iPhone
		{4BCEFEDB-C9A7-4618-B611-3D8928532730}.AppStore|iPhoneSimulator.ActiveCfg = AppStore|iPhoneSimulator
		{4BCEFEDB-C9A7-4618-B611-3D8928532730}.AppStore|iPhoneSimulator.Build.0 = AppStore|iPhoneSimulator
		{4BCEFEDB-C9A7-4618-B611-3D8928532730}.AppStore|x64.ActiveCfg = AppStore|iPhone
		{4BCEFEDB-C9A7-4618-B611-3D8928532730}.AppStore|x86.ActiveCfg = AppStore|iPhone
		{4BCEFEDB-C9A7-4618-B611-3D8928532730}.Debug|Any CPU.ActiveCfg = Debug|iPhone
		{4BCEFEDB-C9A7-4618-B611-3D8928532730}.Debug|ARM.ActiveCfg = Debug|iPhone
		{4BCEFEDB-C9A7-4618-B611-3D8928532730}.Debug|iPhone.ActiveCfg = Debug|iPhone
		{4BCEFEDB-C9A7-4618-B611-3D8928532730}.Debug|iPhone.Build.0 = Debug|iPhone
		{4BCEFEDB-C9A7-4618-B611-3D8928532730}.Debug|iPhoneSimulator.ActiveCfg = Debug|iPhoneSimulator
		{4BCEFEDB-C9A7-4618-B611-3D8928532730}.Debug|iPhoneSimulator.Build.0 = Debug|iPhoneSimulator
		{4BCEFEDB-C9A7-4618-B611-3D8928532730}.Debug|x64.ActiveCfg = Debug|iPhone
		{4BCEFEDB-C9A7-4618-B611-3D8928532730}.Debug|x86.ActiveCfg = Debug|iPhone
		{4BCEFEDB-C9A7-4618-B611-3D8928532730}.Release|Any CPU.ActiveCfg = Release|iPhone
		{4BCEFEDB-C9A7-4618-B611-3D8928532730}.Release|ARM.ActiveCfg = Release|iPhone
		{4BCEFEDB-C9A7-4618-B611-3D8928532730}.Release|iPhone.ActiveCfg = Release|iPhone
		{4BCEFEDB-C9A7-4618-B611-3D8928532730}.Release|iPhone.Build.0 = Release|iPhone
		{4BCEFEDB-C9A7-4618-B611-3D8928532730}.Release|iPhoneSimulator.ActiveCfg = Release|iPhoneSimulator
		{4BCEFEDB-C9A7-4618-B611-3D8928532730}.Release|iPhoneSimulator.Build.0 = Release|iPhoneSimulator
		{4BCEFEDB-C9A7-4618-B611-3D8928532730}.Release|x64.ActiveCfg = Release|iPhone
		{4BCEFEDB-C9A7-4618-B611-3D8928532730}.Release|x86.ActiveCfg = Release|iPhone
	EndGlobalSection
	GlobalSection(SolutionProperties) = preSolution
		HideSolutionNode = FALSE
	EndGlobalSection
EndGlobal
